
Microsoft Visual Studio Solution File, Format Version 12.00
# Visual Studio Version 16
VisualStudioVersion = 16.0.31005.135
MinimumVisualStudioVersion = 10.0.40219.1
Project("{FAE04EC0-301F-11D3-BF4B-00C04F79EFBC}") = "Intec.xamaritanApp.Android", "Intec.xamaritanApp\Intec.xamaritanApp.Android\Intec.xamaritanApp.Android.csproj", "{B5AE7F9B-1B8B-44FE-9227-513F20E5E3AC}"
EndProject
Project("{FAE04EC0-301F-11D3-BF4B-00C04F79EFBC}") = "Intec.xamaritanApp.iOS", "Intec.xamaritanApp\Intec.xamaritanApp.iOS\Intec.xamaritanApp.iOS.csproj", "{274E2564-BE12-415C-A130-316C2FC755DB}"
EndProject
Project("{FAE04EC0-301F-11D3-BF4B-00C04F79EFBC}") = "Intec.xamaritanApp", "Intec.xamaritanApp\Intec.xamaritanApp\Intec.xamaritanApp.csproj", "{6D0CAAAA-E7CF-44BD-9956-4F78FD7EAA6A}"
EndProject
Global
	GlobalSection(SolutionConfigurationPlatforms) = preSolution
		Debug|Any CPU = Debug|Any CPU
		Debug|iPhone = Debug|iPhone
		Debug|iPhoneSimulator = Debug|iPhoneSimulator
		Release|Any CPU = Release|Any CPU
		Release|iPhone = Release|iPhone
		Release|iPhoneSimulator = Release|iPhoneSimulator
	EndGlobalSection
	GlobalSection(ProjectConfigurationPlatforms) = postSolution
		{B5AE7F9B-1B8B-44FE-9227-513F20E5E3AC}.Debug|Any CPU.ActiveCfg = Debug|Any CPU
		{B5AE7F9B-1B8B-44FE-9227-513F20E5E3AC}.Debug|Any CPU.Build.0 = Debug|Any CPU
		{B5AE7F9B-1B8B-44FE-9227-513F20E5E3AC}.Debug|Any CPU.Deploy.0 = Debug|Any CPU
		{B5AE7F9B-1B8B-44FE-9227-513F20E5E3AC}.Debug|iPhone.ActiveCfg = Debug|Any CPU
		{B5AE7F9B-1B8B-44FE-9227-513F20E5E3AC}.Debug|iPhone.Build.0 = Debug|Any CPU
		{B5AE7F9B-1B8B-44FE-9227-513F20E5E3AC}.Debug|iPhone.Deploy.0 = Debug|Any CPU
		{B5AE7F9B-1B8B-44FE-9227-513F20E5E3AC}.Debug|iPhoneSimulator.ActiveCfg = Debug|Any CPU
		{B5AE7F9B-1B8B-44FE-9227-513F20E5E3AC}.Debug|iPhoneSimulator.Build.0 = Debug|Any CPU
		{B5AE7F9B-1B8B-44FE-9227-513F20E5E3AC}.Debug|iPhoneSimulator.Deploy.0 = Debug|Any CPU
		{B5AE7F9B-1B8B-44FE-9227-513F20E5E3AC}.Release|Any CPU.ActiveCfg = Release|Any CPU
		{B5AE7F9B-1B8B-44FE-9227-513F20E5E3AC}.Release|Any CPU.Build.0 = Release|Any CPU
		{B5AE7F9B-1B8B-44FE-9227-513F20E5E3AC}.Release|Any CPU.Deploy.0 = Release|Any CPU
		{B5AE7F9B-1B8B-44FE-9227-513F20E5E3AC}.Release|iPhone.ActiveCfg = Release|Any CPU
		{B5AE7F9B-1B8B-44FE-9227-513F20E5E3AC}.Release|iPhone.Build.0 = Release|Any CPU
		{B5AE7F9B-1B8B-44FE-9227-513F20E5E3AC}.Release|iPhone.Deploy.0 = Release|Any CPU
		{B5AE7F9B-1B8B-44FE-9227-513F20E5E3AC}.Release|iPhoneSimulator.ActiveCfg = Release|Any CPU
		{B5AE7F9B-1B8B-44FE-9227-513F20E5E3AC}.Release|iPhoneSimulator.Build.0 = Release|Any CPU
		{B5AE7F9B-1B8B-44FE-9227-513F20E5E3AC}.Release|iPhoneSimulator.Deploy.0 = Release|Any CPU
		{274E2564-BE12-415C-A130-316C2FC755DB}.Debug|Any CPU.ActiveCfg = Debug|iPhone
		{274E2564-BE12-415C-A130-316C2FC755DB}.Debug|Any CPU.Build.0 = Debug|iPhone
		{274E2564-BE12-415C-A130-316C2FC755DB}.Debug|Any CPU.Deploy.0 = Debug|iPhone
		{274E2564-BE12-415C-A130-316C2FC755DB}.Debug|iPhone.ActiveCfg = Debug|iPhone
		{274E2564-BE12-415C-A130-316C2FC755DB}.Debug|iPhone.Build.0 = Debug|iPhone
		{274E2564-BE12-415C-A130-316C2FC755DB}.Debug|iPhone.Deploy.0 = Debug|iPhone
		{274E2564-BE12-415C-A130-316C2FC755DB}.Debug|iPhoneSimulator.ActiveCfg = Debug|iPhoneSimulator
		{274E2564-BE12-415C-A130-316C2FC755DB}.Debug|iPhoneSimulator.Build.0 = Debug|iPhoneSimulator
		{274E2564-BE12-415C-A130-316C2FC755DB}.Debug|iPhoneSimulator.Deploy.0 = Debug|iPhoneSimulator
		{274E2564-BE12-415C-A130-316C2FC755DB}.Release|Any CPU.ActiveCfg = Release|iPhoneSimulator
		{274E2564-BE12-415C-A130-316C2FC755DB}.Release|Any CPU.Build.0 = Release|iPhoneSimulator
		{274E2564-BE12-415C-A130-316C2FC755DB}.Release|Any CPU.Deploy.0 = Release|iPhoneSimulator
		{274E2564-BE12-415C-A130-316C2FC755DB}.Release|iPhone.ActiveCfg = Release|iPhone
		{274E2564-BE12-415C-A130-316C2FC755DB}.Release|iPhone.Build.0 = Release|iPhone
		{274E2564-BE12-415C-A130-316C2FC755DB}.Release|iPhone.Deploy.0 = Release|iPhone
		{274E2564-BE12-415C-A130-316C2FC755DB}.Release|iPhoneSimulator.ActiveCfg = Release|iPhoneSimulator
		{274E2564-BE12-415C-A130-316C2FC755DB}.Release|iPhoneSimulator.Build.0 = Release|iPhoneSimulator
		{274E2564-BE12-415C-A130-316C2FC755DB}.Release|iPhoneSimulator.Deploy.0 = Release|iPhoneSimulator
		{6D0CAAAA-E7CF-44BD-9956-4F78FD7EAA6A}.Debug|Any CPU.ActiveCfg = Debug|Any CPU
		{6D0CAAAA-E7CF-44BD-9956-4F78FD7EAA6A}.Debug|Any CPU.Build.0 = Debug|Any CPU
		{6D0CAAAA-E7CF-44BD-9956-4F78FD7EAA6A}.Debug|Any CPU.Deploy.0 = Debug|Any CPU
		{6D0CAAAA-E7CF-44BD-9956-4F78FD7EAA6A}.Debug|iPhone.ActiveCfg = Debug|Any CPU
		{6D0CAAAA-E7CF-44BD-9956-4F78FD7EAA6A}.Debug|iPhone.Build.0 = Debug|Any CPU
		{6D0CAAAA-E7CF-44BD-9956-4F78FD7EAA6A}.Debug|iPhone.Deploy.0 = Debug|Any CPU
		{6D0CAAAA-E7CF-44BD-9956-4F78FD7EAA6A}.Debug|iPhoneSimulator.ActiveCfg = Debug|Any CPU
		{6D0CAAAA-E7CF-44BD-9956-4F78FD7EAA6A}.Debug|iPhoneSimulator.Build.0 = Debug|Any CPU
		{6D0CAAAA-E7CF-44BD-9956-4F78FD7EAA6A}.Debug|iPhoneSimulator.Deploy.0 = Debug|Any CPU
		{6D0CAAAA-E7CF-44BD-9956-4F78FD7EAA6A}.Release|Any CPU.ActiveCfg = Release|Any CPU
		{6D0CAAAA-E7CF-44BD-9956-4F78FD7EAA6A}.Release|Any CPU.Build.0 = Release|Any CPU
		{6D0CAAAA-E7CF-44BD-9956-4F78FD7EAA6A}.Release|Any CPU.Deploy.0 = Release|Any CPU
		{6D0CAAAA-E7CF-44BD-9956-4F78FD7EAA6A}.Release|iPhone.ActiveCfg = Release|Any CPU
		{6D0CAAAA-E7CF-44BD-9956-4F78FD7EAA6A}.Release|iPhone.Build.0 = Release|Any CPU
		{6D0CAAAA-E7CF-44BD-9956-4F78FD7EAA6A}.Release|iPhone.Deploy.0 = Release|Any CPU
		{6D0CAAAA-E7CF-44BD-9956-4F78FD7EAA6A}.Release|iPhoneSimulator.ActiveCfg = Release|Any CPU
		{6D0CAAAA-E7CF-44BD-9956-4F78FD7EAA6A}.Release|iPhoneSimulator.Build.0 = Release|Any CPU
		{6D0CAAAA-E7CF-44BD-9956-4F78FD7EAA6A}.Release|iPhoneSimulator.Deploy.0 = Release|Any CPU
	EndGlobalSection
	GlobalSection(SolutionProperties) = preSolution
		HideSolutionNode = FALSE
	EndGlobalSection
	GlobalSection(ExtensibilityGlobals) = postSolution
		SolutionGuid = {3C5C7F94-538A-4B8C-843B-6B51DB90A8BE}
	EndGlobalSection
EndGlobal
